<?xml version="1.0" encoding="utf-8"?>
<Project ToolsVersion="4.0" xmlns="http://schemas.microsoft.com/developer/msbuild/2003">
  <ItemGroup>
    <Filter Include="Source Files">
      <UniqueIdentifier>{df515e7e-93ad-42ec-b6ec-37fdfecfeb87}</UniqueIdentifier>
      <Extensions>cpp;c;cxx;def;odl;idl;hpj;bat;asm</Extensions>
    </Filter>
    <Filter Include="Header Files">
      <UniqueIdentifier>{978e82da-b30d-40b1-afc3-b093dcc47aec}</UniqueIdentifier>
      <Extensions>h;hpp;hxx;hm;inl;inc</Extensions>
    </Filter>
    <Filter Include="Resource Files">
      <UniqueIdentifier>{ca97204c-89ee-440c-9afa-698a9cb9543a}</UniqueIdentifier>
      <Extensions>rc;ico;cur;bmp;dlg;rc2;rct;bin;rgs;jpg;jpeg;jpe;manifest</Extensions>
    </Filter>
    <Filter Include="Resource Files\Icons">
      <UniqueIdentifier>{e141c0fe-a444-4856-9d99-18deb69f19fd}</UniqueIdentifier>
    </Filter>
    <Filter Include="Dialogs">
      <UniqueIdentifier>{8e8e7e99-9f9b-4b60-8ca1-f418a91a67f6}</UniqueIdentifier>
    </Filter>
    <Filter Include="Helpers">
      <UniqueIdentifier>{d9d60b2a-7d71-4292-b243-34f5a98ab762}</UniqueIdentifier>
    </Filter>
  </ItemGroup>
  <ItemGroup>
    <ClCompile Include="ProcMonX.cpp">
      <Filter>Source Files</Filter>
    </ClCompile>
    <ClCompile Include="MainFrm.cpp">
      <Filter>Source Files</Filter>
    </ClCompile>
    <ClCompile Include="View.cpp">
      <Filter>Source Files</Filter>
    </ClCompile>
    <ClCompile Include="pch.cpp">
      <Filter>Source Files</Filter>
    </ClCompile>
    <ClCompile Include="ColumnManager.cpp">
      <Filter>Source Files</Filter>
    </ClCompile>
    <ClCompile Include="SortHelper.cpp">
      <Filter>Source Files</Filter>
    </ClCompile>
    <ClCompile Include="TraceData.cpp">
      <Filter>Source Files</Filter>
    </ClCompile>
    <ClCompile Include="CallStackDlg.cpp">
      <Filter>Dialogs</Filter>
    </ClCompile>
    <ClCompile Include="AboutDlg.cpp">
      <Filter>Dialogs</Filter>
    </ClCompile>
    <ClCompile Include="EventsDlg.cpp">
      <Filter>Dialogs</Filter>
    </ClCompile>
    <ClCompile Include="EventConfiguration.cpp">
      <Filter>Source Files</Filter>
    </ClCompile>
    <ClCompile Include="IniFile.cpp">
      <Filter>Source Files</Filter>
    </ClCompile>
    <ClCompile Include="SymbolsHandler.cpp">
      <Filter>Source Files</Filter>
    </ClCompile>
    <ClCompile Include="SymbolManager.cpp">
      <Filter>Source Files</Filter>
    </ClCompile>
    <ClCompile Include="ClipboardHelper.cpp">
      <Filter>Helpers</Filter>
    </ClCompile>
    <ClCompile Include="DialogHelper.cpp">
      <Filter>Helpers</Filter>
    </ClCompile>
  </ItemGroup>
  <ItemGroup>
    <ClInclude Include="MainFrm.h">
      <Filter>Header Files</Filter>
    </ClInclude>
    <ClInclude Include="View.h">
      <Filter>Header Files</Filter>
    </ClInclude>
    <ClInclude Include="resource.h">
      <Filter>Header Files</Filter>
    </ClInclude>
    <ClInclude Include="pch.h">
      <Filter>Header Files</Filter>
    </ClInclude>
    <ClInclude Include="ColumnManager.h">
      <Filter>Header Files</Filter>
    </ClInclude>
    <ClInclude Include="SortHelper.h">
      <Filter>Header Files</Filter>
    </ClInclude>
    <ClInclude Include="ViewBase.h">
      <Filter>Header Files</Filter>
    </ClInclude>
    <ClInclude Include="VirtualListView.h">
      <Filter>Header Files</Filter>
    </ClInclude>
    <ClInclude Include="TraceData.h">
      <Filter>Header Files</Filter>
    </ClInclude>
    <ClInclude Include="EventsDlg.h">
      <Filter>Dialogs</Filter>
    </ClInclude>
    <ClInclude Include="AboutDlg.h">
      <Filter>Dialogs</Filter>
    </ClInclude>
    <ClInclude Include="CallStackDlg.h">
      <Filter>Dialogs</Filter>
    </ClInclude>
    <ClInclude Include="EventConfiguration.h">
      <Filter>Header Files</Filter>
    </ClInclude>
    <ClInclude Include="IniFile.h">
      <Filter>Header Files</Filter>
    </ClInclude>
    <ClInclude Include="SymbolsHandler.h">
      <Filter>Header Files</Filter>
    </ClInclude>
    <ClInclude Include="SymbolManager.h">
      <Filter>Header Files</Filter>
    </ClInclude>
    <ClInclude Include="DialogHelper.h">
      <Filter>Helpers</Filter>
    </ClInclude>
    <ClInclude Include="ClipboardHelper.h">
      <Filter>Helpers</Filter>
    </ClInclude>
  </ItemGroup>
  <ItemGroup>
    <ResourceCompile Include="ProcMonX.rc">
      <Filter>Resource Files</Filter>
    </ResourceCompile>
  </ItemGroup>
  <ItemGroup>
    <Image Include="res\cancel.ico">
      <Filter>Resource Files\Icons</Filter>
    </Image>
    <Image Include="res\Driver.ico">
      <Filter>Resource Files\Icons</Filter>
    </Image>
    <Image Include="res\filter.ico">
      <Filter>Resource Files\Icons</Filter>
    </Image>
    <Image Include="res\filter-add.ico">
      <Filter>Resource Files\Icons</Filter>
    </Image>
    <Image Include="res\filter-delete.ico">
      <Filter>Resource Files\Icons</Filter>
    </Image>
    <Image Include="res\find.ico">
      <Filter>Resource Files\Icons</Filter>
    </Image>
    <Image Include="res\memory.ico">
      <Filter>Resource Files\Icons</Filter>
    </Image>
    <Image Include="res\Modules.ico">
      <Filter>Resource Files\Icons</Filter>
    </Image>
    <Image Include="res\network.ico">
      <Filter>Resource Files\Icons</Filter>
    </Image>
    <Image Include="res\ok.ico">
      <Filter>Resource Files\Icons</Filter>
    </Image>
    <Image Include="res\Play.ico">
      <Filter>Resource Files\Icons</Filter>
    </Image>
    <Image Include="res\processes.ico">
      <Filter>Resource Files\Icons</Filter>
    </Image>
    <Image Include="res\ProcMonX.ico">
      <Filter>Resource Files\Icons</Filter>
    </Image>
    <Image Include="res\registry.ico">
      <Filter>Resource Files\Icons</Filter>
    </Image>
    <Image Include="res\Stop.ico">
      <Filter>Resource Files\Icons</Filter>
    </Image>
    <Image Include="res\threads.ico">
      <Filter>Resource Files\Icons</Filter>
    </Image>
    <Image Include="res\tools.ico">
      <Filter>Resource Files\Icons</Filter>
    </Image>
    <Image Include="res\event.ico">
      <Filter>Resource Files\Icons</Filter>
    </Image>
    <Image Include="res\save.ico">
      <Filter>Resource Files\Icons</Filter>
    </Image>
    <Image Include="res\save_as.ico">
      <Filter>Resource Files\Icons</Filter>
    </Image>
    <Image Include="res\event2.ico">
      <Filter>Resource Files\Icons</Filter>
    </Image>
    <Image Include="res\properties.ico">
      <Filter>Resource Files\Icons</Filter>
    </Image>
    <Image Include="res\stack.ico">
      <Filter>Resource Files\Icons</Filter>
    </Image>
    <Image Include="res\event3.ico">
      <Filter>Resource Files\Icons</Filter>
    </Image>
    <Image Include="res\file.ico">
      <Filter>Resource Files\Icons</Filter>
    </Image>
    <Image Include="res\gear.ico">
      <Filter>Resource Files\Icons</Filter>
    </Image>
    <Image Include="res\handle.ico">
      <Filter>Resource Files\Icons</Filter>
    </Image>
    <Image Include="res\heap.ico">
      <Filter>Resource Files\Icons</Filter>
    </Image>
    <Image Include="res\heap2.ico">
      <Filter>Resource Files\Icons</Filter>
    </Image>
    <Image Include="res\object.ico">
      <Filter>Resource Files\Icons</Filter>
    </Image>
    <Image Include="res\storage.ico">
      <Filter>Resource Files\Icons</Filter>
    </Image>
    <Image Include="res\letter-k.ico">
      <Filter>Resource Files\Icons</Filter>
    </Image>
    <Image Include="res\letter-u.ico">
      <Filter>Resource Files\Icons</Filter>
    </Image>
    <Image Include="res\clip_copy.ico">
      <Filter>Resource Files\Icons</Filter>
    </Image>
  </ItemGroup>
  <ItemGroup>
    <None Include="packages.config" />
  </ItemGroup>
</Project>