<?xml version="1.0" encoding="utf-8"?>
<Project ToolsVersion="4.0" xmlns="http://schemas.microsoft.com/developer/msbuild/2003">
  <ItemGroup>
    <Filter Include="Source Files">
      <UniqueIdentifier>{df515e7e-93ad-42ec-b6ec-37fdfecfeb87}</UniqueIdentifier>
      <Extensions>cpp;c;cxx;def;odl;idl;hpj;bat;asm</Extensions>
    </Filter>
    <Filter Include="Header Files">
      <UniqueIdentifier>{978e82da-b30d-40b1-afc3-b093dcc47aec}</UniqueIdentifier>
      <Extensions>h;hpp;hxx;hm;inl;inc</Extensions>
    </Filter>
    <Filter Include="Resource Files">
      <UniqueIdentifier>{ca97204c-89ee-440c-9afa-698a9cb9543a}</UniqueIdentifier>
      <Extensions>rc;ico;cur;bmp;dlg;rc2;rct;bin;rgs;jpg;jpeg;jpe;manifest</Extensions>
    </Filter>
    <Filter Include="Resource Files\Icons">
      <UniqueIdentifier>{e141c0fe-a444-4856-9d99-18deb69f19fd}</UniqueIdentifier>
    </Filter>
    <Filter Include="Dialogs">
      <UniqueIdentifier>{8e8e7e99-9f9b-4b60-8ca1-f418a91a67f6}</UniqueIdentifier>
    </Filter>
    <Filter Include="Helpers">
      <UniqueIdentifier>{d9d60b2a-7d71-4292-b243-34f5a98ab762}</UniqueIdentifier>
    </Filter>
    <Filter Include="Serializers">
      <UniqueIdentifier>{c7365453-1340-4079-8cff-24256efbd73e}</UniqueIdentifier>
    </Filter>
    <Filter Include="Filters">
      <UniqueIdentifier>{97b9f4db-ee27-40d1-aa45-085173e9e123}</UniqueIdentifier>
    </Filter>
  </ItemGroup>
  <ItemGroup>
    <ClCompile Include="ProcMonX.cpp">
      <Filter>Source Files</Filter>
    </ClCompile>
    <ClCompile Include="MainFrm.cpp">
      <Filter>Source Files</Filter>
    </ClCompile>
    <ClCompile Include="View.cpp">
      <Filter>Source Files</Filter>
    </ClCompile>
    <ClCompile Include="pch.cpp">
      <Filter>Source Files</Filter>
    </ClCompile>
    <ClCompile Include="ColumnManager.cpp">
      <Filter>Source Files</Filter>
    </ClCompile>
    <ClCompile Include="TraceData.cpp">
      <Filter>Source Files</Filter>
    </ClCompile>
    <ClCompile Include="CallStackDlg.cpp">
      <Filter>Dialogs</Filter>
    </ClCompile>
    <ClCompile Include="AboutDlg.cpp">
      <Filter>Dialogs</Filter>
    </ClCompile>
    <ClCompile Include="EventsDlg.cpp">
      <Filter>Dialogs</Filter>
    </ClCompile>
    <ClCompile Include="EventConfiguration.cpp">
      <Filter>Source Files</Filter>
    </ClCompile>
    <ClCompile Include="SymbolManager.cpp">
      <Filter>Source Files</Filter>
    </ClCompile>
    <ClCompile Include="ClipboardHelper.cpp">
      <Filter>Helpers</Filter>
    </ClCompile>
    <ClCompile Include="DialogHelper.cpp">
      <Filter>Helpers</Filter>
    </ClCompile>
    <ClCompile Include="EventPropertiesDlg.cpp">
      <Filter>Dialogs</Filter>
    </ClCompile>
    <ClCompile Include="FiltersDlg.cpp">
      <Filter>Dialogs</Filter>
    </ClCompile>
    <ClCompile Include="IniFile.cpp">
      <Filter>Helpers</Filter>
    </ClCompile>
    <ClCompile Include="SortHelper.cpp">
      <Filter>Helpers</Filter>
    </ClCompile>
    <ClCompile Include="SymbolsHandler.cpp">
      <Filter>Helpers</Filter>
    </ClCompile>
    <ClCompile Include="FilterConfiguration.cpp">
      <Filter>Source Files</Filter>
    </ClCompile>
    <ClCompile Include="CSVEventDataSerializer.cpp">
      <Filter>Serializers</Filter>
    </ClCompile>
    <ClCompile Include="BinaryEventDataSerializer.cpp">
      <Filter>Serializers</Filter>
    </ClCompile>
    <ClCompile Include="FilterFactory.cpp">
      <Filter>Helpers</Filter>
    </ClCompile>
    <ClCompile Include="SerializerFactory.cpp">
      <Filter>Helpers</Filter>
    </ClCompile>
    <ClCompile Include="FormatHelper.cpp">
      <Filter>Helpers</Filter>
    </ClCompile>
    <ClCompile Include="EventNameFilter.cpp">
      <Filter>Filters</Filter>
    </ClCompile>
    <ClCompile Include="ProcessIdFilter.cpp">
      <Filter>Filters</Filter>
    </ClCompile>
    <ClCompile Include="ProcessNameFilter.cpp">
      <Filter>Filters</Filter>
    </ClCompile>
    <ClCompile Include="PropertyNameFilter.cpp">
      <Filter>Filters</Filter>
    </ClCompile>
    <ClCompile Include="PropertyValueFilter.cpp">
      <Filter>Filters</Filter>
    </ClCompile>
  </ItemGroup>
  <ItemGroup>
    <ClInclude Include="MainFrm.h">
      <Filter>Header Files</Filter>
    </ClInclude>
    <ClInclude Include="View.h">
      <Filter>Header Files</Filter>
    </ClInclude>
    <ClInclude Include="resource.h">
      <Filter>Header Files</Filter>
    </ClInclude>
    <ClInclude Include="pch.h">
      <Filter>Header Files</Filter>
    </ClInclude>
    <ClInclude Include="ColumnManager.h">
      <Filter>Header Files</Filter>
    </ClInclude>
    <ClInclude Include="ViewBase.h">
      <Filter>Header Files</Filter>
    </ClInclude>
    <ClInclude Include="VirtualListView.h">
      <Filter>Header Files</Filter>
    </ClInclude>
    <ClInclude Include="TraceData.h">
      <Filter>Header Files</Filter>
    </ClInclude>
    <ClInclude Include="EventsDlg.h">
      <Filter>Dialogs</Filter>
    </ClInclude>
    <ClInclude Include="AboutDlg.h">
      <Filter>Dialogs</Filter>
    </ClInclude>
    <ClInclude Include="CallStackDlg.h">
      <Filter>Dialogs</Filter>
    </ClInclude>
    <ClInclude Include="EventConfiguration.h">
      <Filter>Header Files</Filter>
    </ClInclude>
    <ClInclude Include="SymbolManager.h">
      <Filter>Header Files</Filter>
    </ClInclude>
    <ClInclude Include="DialogHelper.h">
      <Filter>Helpers</Filter>
    </ClInclude>
    <ClInclude Include="ClipboardHelper.h">
      <Filter>Helpers</Filter>
    </ClInclude>
    <ClInclude Include="EventPropertiesDlg.h">
      <Filter>Dialogs</Filter>
    </ClInclude>
    <ClInclude Include="FiltersDlg.h">
      <Filter>Dialogs</Filter>
    </ClInclude>
    <ClInclude Include="IniFile.h">
      <Filter>Helpers</Filter>
    </ClInclude>
    <ClInclude Include="SortHelper.h">
      <Filter>Helpers</Filter>
    </ClInclude>
    <ClInclude Include="SymbolsHandler.h">
      <Filter>Helpers</Filter>
    </ClInclude>
    <ClInclude Include="FilterConfiguration.h">
      <Filter>Header Files</Filter>
    </ClInclude>
    <ClInclude Include="IEventDataSerializer.h">
      <Filter>Header Files</Filter>
    </ClInclude>
    <ClInclude Include="CSVEventDataSerializer.h">
      <Filter>Serializers</Filter>
    </ClInclude>
    <ClInclude Include="BinaryEventDataSerializer.h">
      <Filter>Serializers</Filter>
    </ClInclude>
    <ClInclude Include="FilterFactory.h">
      <Filter>Helpers</Filter>
    </ClInclude>
    <ClInclude Include="SerializerFactory.h">
      <Filter>Helpers</Filter>
    </ClInclude>
    <ClInclude Include="FormatHelper.h">
      <Filter>Helpers</Filter>
    </ClInclude>
    <ClInclude Include="EventNameFilter.h">
      <Filter>Filters</Filter>
    </ClInclude>
    <ClInclude Include="ProcessIdFilter.h">
      <Filter>Filters</Filter>
    </ClInclude>
    <ClInclude Include="ProcessNameFilter.h">
      <Filter>Filters</Filter>
    </ClInclude>
    <ClInclude Include="PropertyNameFilter.h">
      <Filter>Filters</Filter>
    </ClInclude>
    <ClInclude Include="PropertyValueFilter.h">
      <Filter>Filters</Filter>
    </ClInclude>
  </ItemGroup>
  <ItemGroup>
    <ResourceCompile Include="ProcMonX.rc">
      <Filter>Resource Files</Filter>
    </ResourceCompile>
  </ItemGroup>
  <ItemGroup>
    <Image Include="res\cancel.ico">
      <Filter>Resource Files\Icons</Filter>
    </Image>
    <Image Include="res\Driver.ico">
      <Filter>Resource Files\Icons</Filter>
    </Image>
    <Image Include="res\filter.ico">
      <Filter>Resource Files\Icons</Filter>
    </Image>
    <Image Include="res\filter-add.ico">
      <Filter>Resource Files\Icons</Filter>
    </Image>
    <Image Include="res\filter-delete.ico">
      <Filter>Resource Files\Icons</Filter>
    </Image>
    <Image Include="res\find.ico">
      <Filter>Resource Files\Icons</Filter>
    </Image>
    <Image Include="res\memory.ico">
      <Filter>Resource Files\Icons</Filter>
    </Image>
    <Image Include="res\Modules.ico">
      <Filter>Resource Files\Icons</Filter>
    </Image>
    <Image Include="res\network.ico">
      <Filter>Resource Files\Icons</Filter>
    </Image>
    <Image Include="res\ok.ico">
      <Filter>Resource Files\Icons</Filter>
    </Image>
    <Image Include="res\Play.ico">
      <Filter>Resource Files\Icons</Filter>
    </Image>
    <Image Include="res\processes.ico">
      <Filter>Resource Files\Icons</Filter>
    </Image>
    <Image Include="res\ProcMonX.ico">
      <Filter>Resource Files\Icons</Filter>
    </Image>
    <Image Include="res\registry.ico">
      <Filter>Resource Files\Icons</Filter>
    </Image>
    <Image Include="res\Stop.ico">
      <Filter>Resource Files\Icons</Filter>
    </Image>
    <Image Include="res\threads.ico">
      <Filter>Resource Files\Icons</Filter>
    </Image>
    <Image Include="res\tools.ico">
      <Filter>Resource Files\Icons</Filter>
    </Image>
    <Image Include="res\event.ico">
      <Filter>Resource Files\Icons</Filter>
    </Image>
    <Image Include="res\save.ico">
      <Filter>Resource Files\Icons</Filter>
    </Image>
    <Image Include="res\save_as.ico">
      <Filter>Resource Files\Icons</Filter>
    </Image>
    <Image Include="res\event2.ico">
      <Filter>Resource Files\Icons</Filter>
    </Image>
    <Image Include="res\properties.ico">
      <Filter>Resource Files\Icons</Filter>
    </Image>
    <Image Include="res\stack.ico">
      <Filter>Resource Files\Icons</Filter>
    </Image>
    <Image Include="res\event3.ico">
      <Filter>Resource Files\Icons</Filter>
    </Image>
    <Image Include="res\file.ico">
      <Filter>Resource Files\Icons</Filter>
    </Image>
    <Image Include="res\gear.ico">
      <Filter>Resource Files\Icons</Filter>
    </Image>
    <Image Include="res\handle.ico">
      <Filter>Resource Files\Icons</Filter>
    </Image>
    <Image Include="res\heap.ico">
      <Filter>Resource Files\Icons</Filter>
    </Image>
    <Image Include="res\heap2.ico">
      <Filter>Resource Files\Icons</Filter>
    </Image>
    <Image Include="res\object.ico">
      <Filter>Resource Files\Icons</Filter>
    </Image>
    <Image Include="res\storage.ico">
      <Filter>Resource Files\Icons</Filter>
    </Image>
    <Image Include="res\letter-k.ico">
      <Filter>Resource Files\Icons</Filter>
    </Image>
    <Image Include="res\letter-u.ico">
      <Filter>Resource Files\Icons</Filter>
    </Image>
    <Image Include="res\clip_copy.ico">
      <Filter>Resource Files\Icons</Filter>
    </Image>
    <Image Include="res\dll-add.ico">
      <Filter>Resource Files\Icons</Filter>
    </Image>
    <Image Include="res\dll-delete.ico">
      <Filter>Resource Files\Icons</Filter>
    </Image>
    <Image Include="res\process-delete.ico">
      <Filter>Resource Files\Icons</Filter>
    </Image>
    <Image Include="res\process-new.ico">
      <Filter>Resource Files\Icons</Filter>
    </Image>
    <Image Include="res\threads-delete.ico">
      <Filter>Resource Files\Icons</Filter>
    </Image>
    <Image Include="res\threads-new.ico">
      <Filter>Resource Files\Icons</Filter>
    </Image>
    <Image Include="res\arrow_down_blue.ico">
      <Filter>Resource Files\Icons</Filter>
    </Image>
    <Image Include="res\arrow_up_blue.ico">
      <Filter>Resource Files\Icons</Filter>
    </Image>
    <Image Include="res\folder_open.ico">
      <Filter>Resource Files\Icons</Filter>
    </Image>
    <Image Include="res\add.ico">
      <Filter>Resource Files\Icons</Filter>
    </Image>
    <Image Include="res\filter-edit.ico">
      <Filter>Resource Files\Icons</Filter>
    </Image>
    <Image Include="res\delete_button.ico">
      <Filter>Resource Files\Icons</Filter>
    </Image>
    <Image Include="res\ok_button.ico">
      <Filter>Resource Files\Icons</Filter>
    </Image>
    <Image Include="res\Pause.ico">
      <Filter>Resource Files\Icons</Filter>
    </Image>
    <Image Include="res\autoscroll.ico">
      <Filter>Resource Files\Icons</Filter>
    </Image>
  </ItemGroup>
  <ItemGroup>
    <None Include="packages.config" />
  </ItemGroup>
  <ItemGroup>
    <Xml Include="manifest.xml" />
  </ItemGroup>
</Project>